
Microsoft Visual Studio Solution File, Format Version 12.00
# Visual Studio 2013
VisualStudioVersion = 12.0.30501.0
MinimumVisualStudioVersion = 10.0.40219.1
Project("{8BC9CEB8-8B4A-11D0-8D11-00A0C91BC942}") = "DpLib", "DpLib\DpLib.vcxproj", "{4C95835D-13E9-4AD4-9311-0112334FEE13}"
EndProject
Project("{8BC9CEB8-8B4A-11D0-8D11-00A0C91BC942}") = "TestCases", "TestCases\TestCases.vcxproj", "{4B81703A-1C32-4922-B717-6F9FC6D5B218}"
	ProjectSection(ProjectDependencies) = postProject
		{4C95835D-13E9-4AD4-9311-0112334FEE13} = {4C95835D-13E9-4AD4-9311-0112334FEE13}
	EndProjectSection
EndProject
Project("{2150E333-8FDC-42A3-9474-1A3956D46DE8}") = "DpDemo", "DpDemo", "{20F5F43E-7F39-4068-BFA7-22F4B4FAC25F}"
EndProject
Project("{8BC9CEB8-8B4A-11D0-8D11-00A0C91BC942}") = "SingleTriangle", "DpDemo\SingleTriangle\SingleTriangle.vcxproj", "{0D1224A6-B29A-4681-996D-E09A03EE32B7}"
	ProjectSection(ProjectDependencies) = postProject
		{4C95835D-13E9-4AD4-9311-0112334FEE13} = {4C95835D-13E9-4AD4-9311-0112334FEE13}
	EndProjectSection
EndProject
Project("{8BC9CEB8-8B4A-11D0-8D11-00A0C91BC942}") = "WireCube", "DpDemo\WireCube\WireCube.vcxproj", "{B646B311-C652-4DF3-AFDE-67AE8E9991D9}"
	ProjectSection(ProjectDependencies) = postProject
		{4C95835D-13E9-4AD4-9311-0112334FEE13} = {4C95835D-13E9-4AD4-9311-0112334FEE13}
	EndProjectSection
EndProject
Project("{8BC9CEB8-8B4A-11D0-8D11-00A0C91BC942}") = "Tank", "DpDemo\Tank\Tank.vcxproj", "{010BDB88-8AF9-43F4-8F2D-C23C8B7AC1BD}"
	ProjectSection(ProjectDependencies) = postProject
		{4C95835D-13E9-4AD4-9311-0112334FEE13} = {4C95835D-13E9-4AD4-9311-0112334FEE13}
	EndProjectSection
EndProject
Project("{8BC9CEB8-8B4A-11D0-8D11-00A0C91BC942}") = "TankUVN", "DpDemo\TankUVN\TankUVN.vcxproj", "{0AB30B9C-36F2-4E53-BAAF-9503CB7DDB0C}"
	ProjectSection(ProjectDependencies) = postProject
		{4C95835D-13E9-4AD4-9311-0112334FEE13} = {4C95835D-13E9-4AD4-9311-0112334FEE13}
	EndProjectSection
EndProject
Project("{8BC9CEB8-8B4A-11D0-8D11-00A0C91BC942}") = "TankAndTower", "DpDemo\TankAndTower\TankAndTower.vcxproj", "{E2047C5B-51EB-42BC-ABC1-481ABD0FAA63}"
	ProjectSection(ProjectDependencies) = postProject
		{4C95835D-13E9-4AD4-9311-0112334FEE13} = {4C95835D-13E9-4AD4-9311-0112334FEE13}
	EndProjectSection
EndProject
Project("{8BC9CEB8-8B4A-11D0-8D11-00A0C91BC942}") = "SolidTriangle", "DpDemo\SolidTriangle\SolidTriangle.vcxproj", "{8AD5C5D2-7E59-47D6-9D01-ED62D96A40D9}"
	ProjectSection(ProjectDependencies) = postProject
		{4C95835D-13E9-4AD4-9311-0112334FEE13} = {4C95835D-13E9-4AD4-9311-0112334FEE13}
	EndProjectSection
EndProject
Project("{2150E333-8FDC-42A3-9474-1A3956D46DE8}") = "DpDirectXDemo", "DpDirectXDemo", "{C89F52F7-985A-47F7-9499-DE8C5780D304}"
EndProject
Project("{8BC9CEB8-8B4A-11D0-8D11-00A0C91BC942}") = "JoySlot", "DpDirectXDemo\JoySlot\JoySlot.vcxproj", "{30742C21-9A12-4899-94DF-EF166F915F13}"
	ProjectSection(ProjectDependencies) = postProject
		{57246EBD-0740-4527-8760-DF3571EE2EFB} = {57246EBD-0740-4527-8760-DF3571EE2EFB}
	EndProjectSection
EndProject
Project("{8BC9CEB8-8B4A-11D0-8D11-00A0C91BC942}") = "DpDirectX", "DpDirectX\DpDirectX.vcxproj", "{57246EBD-0740-4527-8760-DF3571EE2EFB}"
EndProject
Project("{8BC9CEB8-8B4A-11D0-8D11-00A0C91BC942}") = "LoadASC", "DpDemo\LoadASC\LoadASC.vcxproj", "{79AF5987-8975-4EFD-AE4C-2850A66356A5}"
EndProject
Global
	GlobalSection(SolutionConfigurationPlatforms) = preSolution
		Debug|Win32 = Debug|Win32
		Release|Win32 = Release|Win32
	EndGlobalSection
	GlobalSection(ProjectConfigurationPlatforms) = postSolution
		{4C95835D-13E9-4AD4-9311-0112334FEE13}.Debug|Win32.ActiveCfg = Debug|Win32
		{4C95835D-13E9-4AD4-9311-0112334FEE13}.Debug|Win32.Build.0 = Debug|Win32
		{4C95835D-13E9-4AD4-9311-0112334FEE13}.Release|Win32.ActiveCfg = Release|Win32
		{4C95835D-13E9-4AD4-9311-0112334FEE13}.Release|Win32.Build.0 = Release|Win32
		{4B81703A-1C32-4922-B717-6F9FC6D5B218}.Debug|Win32.ActiveCfg = Debug|Win32
		{4B81703A-1C32-4922-B717-6F9FC6D5B218}.Debug|Win32.Build.0 = Debug|Win32
		{4B81703A-1C32-4922-B717-6F9FC6D5B218}.Release|Win32.ActiveCfg = Release|Win32
		{4B81703A-1C32-4922-B717-6F9FC6D5B218}.Release|Win32.Build.0 = Release|Win32
		{0D1224A6-B29A-4681-996D-E09A03EE32B7}.Debug|Win32.ActiveCfg = Debug|Win32
		{0D1224A6-B29A-4681-996D-E09A03EE32B7}.Debug|Win32.Build.0 = Debug|Win32
		{0D1224A6-B29A-4681-996D-E09A03EE32B7}.Release|Win32.ActiveCfg = Release|Win32
		{0D1224A6-B29A-4681-996D-E09A03EE32B7}.Release|Win32.Build.0 = Release|Win32
		{B646B311-C652-4DF3-AFDE-67AE8E9991D9}.Debug|Win32.ActiveCfg = Debug|Win32
		{B646B311-C652-4DF3-AFDE-67AE8E9991D9}.Debug|Win32.Build.0 = Debug|Win32
		{B646B311-C652-4DF3-AFDE-67AE8E9991D9}.Release|Win32.ActiveCfg = Release|Win32
		{B646B311-C652-4DF3-AFDE-67AE8E9991D9}.Release|Win32.Build.0 = Release|Win32
		{010BDB88-8AF9-43F4-8F2D-C23C8B7AC1BD}.Debug|Win32.ActiveCfg = Debug|Win32
		{010BDB88-8AF9-43F4-8F2D-C23C8B7AC1BD}.Debug|Win32.Build.0 = Debug|Win32
		{010BDB88-8AF9-43F4-8F2D-C23C8B7AC1BD}.Release|Win32.ActiveCfg = Release|Win32
		{010BDB88-8AF9-43F4-8F2D-C23C8B7AC1BD}.Release|Win32.Build.0 = Release|Win32
		{0AB30B9C-36F2-4E53-BAAF-9503CB7DDB0C}.Debug|Win32.ActiveCfg = Debug|Win32
		{0AB30B9C-36F2-4E53-BAAF-9503CB7DDB0C}.Debug|Win32.Build.0 = Debug|Win32
		{0AB30B9C-36F2-4E53-BAAF-9503CB7DDB0C}.Release|Win32.ActiveCfg = Release|Win32
		{0AB30B9C-36F2-4E53-BAAF-9503CB7DDB0C}.Release|Win32.Build.0 = Release|Win32
		{E2047C5B-51EB-42BC-ABC1-481ABD0FAA63}.Debug|Win32.ActiveCfg = Debug|Win32
		{E2047C5B-51EB-42BC-ABC1-481ABD0FAA63}.Debug|Win32.Build.0 = Debug|Win32
		{E2047C5B-51EB-42BC-ABC1-481ABD0FAA63}.Release|Win32.ActiveCfg = Release|Win32
		{E2047C5B-51EB-42BC-ABC1-481ABD0FAA63}.Release|Win32.Build.0 = Release|Win32
		{8AD5C5D2-7E59-47D6-9D01-ED62D96A40D9}.Debug|Win32.ActiveCfg = Debug|Win32
		{8AD5C5D2-7E59-47D6-9D01-ED62D96A40D9}.Debug|Win32.Build.0 = Debug|Win32
		{8AD5C5D2-7E59-47D6-9D01-ED62D96A40D9}.Release|Win32.ActiveCfg = Release|Win32
		{8AD5C5D2-7E59-47D6-9D01-ED62D96A40D9}.Release|Win32.Build.0 = Release|Win32
		{30742C21-9A12-4899-94DF-EF166F915F13}.Debug|Win32.ActiveCfg = Debug|Win32
		{30742C21-9A12-4899-94DF-EF166F915F13}.Debug|Win32.Build.0 = Debug|Win32
		{30742C21-9A12-4899-94DF-EF166F915F13}.Release|Win32.ActiveCfg = Release|Win32
		{30742C21-9A12-4899-94DF-EF166F915F13}.Release|Win32.Build.0 = Release|Win32
		{57246EBD-0740-4527-8760-DF3571EE2EFB}.Debug|Win32.ActiveCfg = Debug|Win32
		{57246EBD-0740-4527-8760-DF3571EE2EFB}.Debug|Win32.Build.0 = Debug|Win32
		{57246EBD-0740-4527-8760-DF3571EE2EFB}.Release|Win32.ActiveCfg = Release|Win32
		{57246EBD-0740-4527-8760-DF3571EE2EFB}.Release|Win32.Build.0 = Release|Win32
		{79AF5987-8975-4EFD-AE4C-2850A66356A5}.Debug|Win32.ActiveCfg = Debug|Win32
		{79AF5987-8975-4EFD-AE4C-2850A66356A5}.Debug|Win32.Build.0 = Debug|Win32
		{79AF5987-8975-4EFD-AE4C-2850A66356A5}.Release|Win32.ActiveCfg = Release|Win32
		{79AF5987-8975-4EFD-AE4C-2850A66356A5}.Release|Win32.Build.0 = Release|Win32
	EndGlobalSection
	GlobalSection(SolutionProperties) = preSolution
		HideSolutionNode = FALSE
	EndGlobalSection
	GlobalSection(NestedProjects) = preSolution
		{0D1224A6-B29A-4681-996D-E09A03EE32B7} = {20F5F43E-7F39-4068-BFA7-22F4B4FAC25F}
		{B646B311-C652-4DF3-AFDE-67AE8E9991D9} = {20F5F43E-7F39-4068-BFA7-22F4B4FAC25F}
		{010BDB88-8AF9-43F4-8F2D-C23C8B7AC1BD} = {20F5F43E-7F39-4068-BFA7-22F4B4FAC25F}
		{0AB30B9C-36F2-4E53-BAAF-9503CB7DDB0C} = {20F5F43E-7F39-4068-BFA7-22F4B4FAC25F}
		{E2047C5B-51EB-42BC-ABC1-481ABD0FAA63} = {20F5F43E-7F39-4068-BFA7-22F4B4FAC25F}
		{8AD5C5D2-7E59-47D6-9D01-ED62D96A40D9} = {20F5F43E-7F39-4068-BFA7-22F4B4FAC25F}
		{30742C21-9A12-4899-94DF-EF166F915F13} = {C89F52F7-985A-47F7-9499-DE8C5780D304}
		{79AF5987-8975-4EFD-AE4C-2850A66356A5} = {20F5F43E-7F39-4068-BFA7-22F4B4FAC25F}
	EndGlobalSection
EndGlobal
