
Microsoft Visual Studio Solution File, Format Version 12.00
# Visual Studio 14
VisualStudioVersion = 14.0.25123.0
MinimumVisualStudioVersion = 10.0.40219.1
Project("{8BC9CEB8-8B4A-11D0-8D11-00A0C91BC942}") = "DpLib", "DpLib\DpLib.vcxproj", "{4C95835D-13E9-4AD4-9311-0112334FEE13}"
EndProject
Project("{8BC9CEB8-8B4A-11D0-8D11-00A0C91BC942}") = "TestCases", "TestCases\TestCases.vcxproj", "{4B81703A-1C32-4922-B717-6F9FC6D5B218}"
	ProjectSection(ProjectDependencies) = postProject
		{4C95835D-13E9-4AD4-9311-0112334FEE13} = {4C95835D-13E9-4AD4-9311-0112334FEE13}
	EndProjectSection
EndProject
Project("{2150E333-8FDC-42A3-9474-1A3956D46DE8}") = "DpDemo", "DpDemo", "{20F5F43E-7F39-4068-BFA7-22F4B4FAC25F}"
EndProject
Project("{8BC9CEB8-8B4A-11D0-8D11-00A0C91BC942}") = "01_WireframeTriangle", "DpDemo\01_WireframeTriangle\01_WireframeTriangle.vcxproj", "{647553E8-30BF-423C-9E5A-59E43B893330}"
EndProject
Project("{8BC9CEB8-8B4A-11D0-8D11-00A0C91BC942}") = "02_FlatTriangle", "DpDemo\02_FlatTriangle\02_FlatTriangle.vcxproj", "{9D653432-9A77-4DF1-BF36-6B5C90FF167D}"
EndProject
Project("{8BC9CEB8-8B4A-11D0-8D11-00A0C91BC942}") = "03_GouraudTriangle", "DpDemo\03_GouraudTriangle\03_GouraudTriangle.vcxproj", "{68307658-7788-4C71-8DEE-F5F91E73F291}"
EndProject
Project("{8BC9CEB8-8B4A-11D0-8D11-00A0C91BC942}") = "04_TextureWrap", "DpDemo\04_TextureWrap\04_TextureWrap.vcxproj", "{7B914D2B-FB91-4D10-9F04-C9829612C837}"
EndProject
Project("{8BC9CEB8-8B4A-11D0-8D11-00A0C91BC942}") = "05_LoadObj", "DpDemo\05_LoadObj\05_LoadObj.vcxproj", "{ED7BACD9-C8AB-4D31-BB35-B299B20D7CF0}"
EndProject
Project("{8BC9CEB8-8B4A-11D0-8D11-00A0C91BC942}") = "06_LightingCube", "DpDemo\06_LightingCube\06_LightingCube.vcxproj", "{0B9E97B1-A7C7-45BF-B9B6-FB2A791BD634}"
EndProject
Global
	GlobalSection(SolutionConfigurationPlatforms) = preSolution
		Debug|Win32 = Debug|Win32
		Debug|x64 = Debug|x64
		Release|Win32 = Release|Win32
		Release|x64 = Release|x64
	EndGlobalSection
	GlobalSection(ProjectConfigurationPlatforms) = postSolution
		{4C95835D-13E9-4AD4-9311-0112334FEE13}.Debug|Win32.ActiveCfg = Debug|Win32
		{4C95835D-13E9-4AD4-9311-0112334FEE13}.Debug|Win32.Build.0 = Debug|Win32
		{4C95835D-13E9-4AD4-9311-0112334FEE13}.Debug|x64.ActiveCfg = Debug|Win32
		{4C95835D-13E9-4AD4-9311-0112334FEE13}.Release|Win32.ActiveCfg = Release|Win32
		{4C95835D-13E9-4AD4-9311-0112334FEE13}.Release|Win32.Build.0 = Release|Win32
		{4C95835D-13E9-4AD4-9311-0112334FEE13}.Release|x64.ActiveCfg = Release|Win32
		{4B81703A-1C32-4922-B717-6F9FC6D5B218}.Debug|Win32.ActiveCfg = Debug|Win32
		{4B81703A-1C32-4922-B717-6F9FC6D5B218}.Debug|Win32.Build.0 = Debug|Win32
		{4B81703A-1C32-4922-B717-6F9FC6D5B218}.Debug|x64.ActiveCfg = Debug|Win32
		{4B81703A-1C32-4922-B717-6F9FC6D5B218}.Release|Win32.ActiveCfg = Release|Win32
		{4B81703A-1C32-4922-B717-6F9FC6D5B218}.Release|Win32.Build.0 = Release|Win32
		{4B81703A-1C32-4922-B717-6F9FC6D5B218}.Release|x64.ActiveCfg = Release|Win32
		{647553E8-30BF-423C-9E5A-59E43B893330}.Debug|Win32.ActiveCfg = Debug|Win32
		{647553E8-30BF-423C-9E5A-59E43B893330}.Debug|Win32.Build.0 = Debug|Win32
		{647553E8-30BF-423C-9E5A-59E43B893330}.Debug|x64.ActiveCfg = Debug|x64
		{647553E8-30BF-423C-9E5A-59E43B893330}.Debug|x64.Build.0 = Debug|x64
		{647553E8-30BF-423C-9E5A-59E43B893330}.Release|Win32.ActiveCfg = Release|Win32
		{647553E8-30BF-423C-9E5A-59E43B893330}.Release|Win32.Build.0 = Release|Win32
		{647553E8-30BF-423C-9E5A-59E43B893330}.Release|x64.ActiveCfg = Release|x64
		{647553E8-30BF-423C-9E5A-59E43B893330}.Release|x64.Build.0 = Release|x64
		{9D653432-9A77-4DF1-BF36-6B5C90FF167D}.Debug|Win32.ActiveCfg = Debug|Win32
		{9D653432-9A77-4DF1-BF36-6B5C90FF167D}.Debug|Win32.Build.0 = Debug|Win32
		{9D653432-9A77-4DF1-BF36-6B5C90FF167D}.Debug|x64.ActiveCfg = Debug|x64
		{9D653432-9A77-4DF1-BF36-6B5C90FF167D}.Debug|x64.Build.0 = Debug|x64
		{9D653432-9A77-4DF1-BF36-6B5C90FF167D}.Release|Win32.ActiveCfg = Release|Win32
		{9D653432-9A77-4DF1-BF36-6B5C90FF167D}.Release|Win32.Build.0 = Release|Win32
		{9D653432-9A77-4DF1-BF36-6B5C90FF167D}.Release|x64.ActiveCfg = Release|x64
		{9D653432-9A77-4DF1-BF36-6B5C90FF167D}.Release|x64.Build.0 = Release|x64
		{68307658-7788-4C71-8DEE-F5F91E73F291}.Debug|Win32.ActiveCfg = Debug|Win32
		{68307658-7788-4C71-8DEE-F5F91E73F291}.Debug|Win32.Build.0 = Debug|Win32
		{68307658-7788-4C71-8DEE-F5F91E73F291}.Debug|x64.ActiveCfg = Debug|x64
		{68307658-7788-4C71-8DEE-F5F91E73F291}.Debug|x64.Build.0 = Debug|x64
		{68307658-7788-4C71-8DEE-F5F91E73F291}.Release|Win32.ActiveCfg = Release|Win32
		{68307658-7788-4C71-8DEE-F5F91E73F291}.Release|Win32.Build.0 = Release|Win32
		{68307658-7788-4C71-8DEE-F5F91E73F291}.Release|x64.ActiveCfg = Release|x64
		{68307658-7788-4C71-8DEE-F5F91E73F291}.Release|x64.Build.0 = Release|x64
		{7B914D2B-FB91-4D10-9F04-C9829612C837}.Debug|Win32.ActiveCfg = Debug|Win32
		{7B914D2B-FB91-4D10-9F04-C9829612C837}.Debug|Win32.Build.0 = Debug|Win32
		{7B914D2B-FB91-4D10-9F04-C9829612C837}.Debug|x64.ActiveCfg = Debug|x64
		{7B914D2B-FB91-4D10-9F04-C9829612C837}.Debug|x64.Build.0 = Debug|x64
		{7B914D2B-FB91-4D10-9F04-C9829612C837}.Release|Win32.ActiveCfg = Release|Win32
		{7B914D2B-FB91-4D10-9F04-C9829612C837}.Release|Win32.Build.0 = Release|Win32
		{7B914D2B-FB91-4D10-9F04-C9829612C837}.Release|x64.ActiveCfg = Release|x64
		{7B914D2B-FB91-4D10-9F04-C9829612C837}.Release|x64.Build.0 = Release|x64
		{ED7BACD9-C8AB-4D31-BB35-B299B20D7CF0}.Debug|Win32.ActiveCfg = Debug|Win32
		{ED7BACD9-C8AB-4D31-BB35-B299B20D7CF0}.Debug|Win32.Build.0 = Debug|Win32
		{ED7BACD9-C8AB-4D31-BB35-B299B20D7CF0}.Debug|x64.ActiveCfg = Debug|x64
		{ED7BACD9-C8AB-4D31-BB35-B299B20D7CF0}.Debug|x64.Build.0 = Debug|x64
		{ED7BACD9-C8AB-4D31-BB35-B299B20D7CF0}.Release|Win32.ActiveCfg = Release|Win32
		{ED7BACD9-C8AB-4D31-BB35-B299B20D7CF0}.Release|Win32.Build.0 = Release|Win32
		{ED7BACD9-C8AB-4D31-BB35-B299B20D7CF0}.Release|x64.ActiveCfg = Release|x64
		{ED7BACD9-C8AB-4D31-BB35-B299B20D7CF0}.Release|x64.Build.0 = Release|x64
		{0B9E97B1-A7C7-45BF-B9B6-FB2A791BD634}.Debug|Win32.ActiveCfg = Debug|Win32
		{0B9E97B1-A7C7-45BF-B9B6-FB2A791BD634}.Debug|Win32.Build.0 = Debug|Win32
		{0B9E97B1-A7C7-45BF-B9B6-FB2A791BD634}.Debug|x64.ActiveCfg = Debug|x64
		{0B9E97B1-A7C7-45BF-B9B6-FB2A791BD634}.Debug|x64.Build.0 = Debug|x64
		{0B9E97B1-A7C7-45BF-B9B6-FB2A791BD634}.Release|Win32.ActiveCfg = Release|Win32
		{0B9E97B1-A7C7-45BF-B9B6-FB2A791BD634}.Release|Win32.Build.0 = Release|Win32
		{0B9E97B1-A7C7-45BF-B9B6-FB2A791BD634}.Release|x64.ActiveCfg = Release|x64
		{0B9E97B1-A7C7-45BF-B9B6-FB2A791BD634}.Release|x64.Build.0 = Release|x64
	EndGlobalSection
	GlobalSection(SolutionProperties) = preSolution
		HideSolutionNode = FALSE
	EndGlobalSection
	GlobalSection(NestedProjects) = preSolution
		{647553E8-30BF-423C-9E5A-59E43B893330} = {20F5F43E-7F39-4068-BFA7-22F4B4FAC25F}
		{9D653432-9A77-4DF1-BF36-6B5C90FF167D} = {20F5F43E-7F39-4068-BFA7-22F4B4FAC25F}
		{68307658-7788-4C71-8DEE-F5F91E73F291} = {20F5F43E-7F39-4068-BFA7-22F4B4FAC25F}
		{7B914D2B-FB91-4D10-9F04-C9829612C837} = {20F5F43E-7F39-4068-BFA7-22F4B4FAC25F}
		{ED7BACD9-C8AB-4D31-BB35-B299B20D7CF0} = {20F5F43E-7F39-4068-BFA7-22F4B4FAC25F}
		{0B9E97B1-A7C7-45BF-B9B6-FB2A791BD634} = {20F5F43E-7F39-4068-BFA7-22F4B4FAC25F}
	EndGlobalSection
EndGlobal
