<?xml version="1.0" encoding="utf-8"?>
<Project ToolsVersion="4.0" xmlns="http://schemas.microsoft.com/developer/msbuild/2003">
  <ItemGroup>
    <Filter Include="Dp3DEngine">
      <UniqueIdentifier>{2ce2c535-db23-466e-b853-a16cc11ad39e}</UniqueIdentifier>
    </Filter>
    <Filter Include="DpLoadRes">
      <UniqueIdentifier>{577779e4-e345-4a00-911b-fd33f2437524}</UniqueIdentifier>
    </Filter>
    <Filter Include="Vendor">
      <UniqueIdentifier>{01cb6ecf-27f6-4ab2-a2bc-e9bfbf05bef3}</UniqueIdentifier>
    </Filter>
    <Filter Include="Vendor\stb">
      <UniqueIdentifier>{5cba56af-9548-4abf-ae57-cd3908156e95}</UniqueIdentifier>
    </Filter>
    <Filter Include="Vendor\rapidjson">
      <UniqueIdentifier>{77e30a77-b43f-4cb7-b158-980d5c7961f6}</UniqueIdentifier>
    </Filter>
    <Filter Include="DpMath">
      <UniqueIdentifier>{74715c8f-b5c6-4951-ab09-3b1681d3500c}</UniqueIdentifier>
    </Filter>
    <Filter Include="DpCore">
      <UniqueIdentifier>{ab084571-0c16-45a5-a838-df80dec3e080}</UniqueIdentifier>
    </Filter>
  </ItemGroup>
  <ItemGroup>
    <ClInclude Include="DpUnitTest.h">
      <Filter>DpCore</Filter>
    </ClInclude>
    <ClInclude Include="DpConsole.h">
      <Filter>DpCore</Filter>
    </ClInclude>
    <ClInclude Include="DpObject.h">
      <Filter>Dp3DEngine</Filter>
    </ClInclude>
    <ClInclude Include="DpColor.h">
      <Filter>DpCore</Filter>
    </ClInclude>
    <ClInclude Include="DpCamera.h">
      <Filter>Dp3DEngine</Filter>
    </ClInclude>
    <ClInclude Include="DpDevice.h">
      <Filter>Dp3DEngine</Filter>
    </ClInclude>
    <ClInclude Include="DpMaterial.h">
      <Filter>Dp3DEngine</Filter>
    </ClInclude>
    <ClInclude Include="DpLight.h">
      <Filter>Dp3DEngine</Filter>
    </ClInclude>
    <ClInclude Include="DpFileStream.h">
      <Filter>DpLoadRes</Filter>
    </ClInclude>
    <ClInclude Include="DpTga.h">
      <Filter>DpLoadRes</Filter>
    </ClInclude>
    <ClInclude Include="DpTimer.h">
      <Filter>DpCore</Filter>
    </ClInclude>
    <ClInclude Include="DpFps.h">
      <Filter>DpCore</Filter>
    </ClInclude>
    <ClInclude Include="DpFileParser.h">
      <Filter>DpLoadRes</Filter>
    </ClInclude>
    <ClInclude Include="DpLoadModel.h">
      <Filter>DpLoadRes</Filter>
    </ClInclude>
    <ClInclude Include="DpRef.h">
      <Filter>DpCore</Filter>
    </ClInclude>
    <ClInclude Include="..\Vendor\stb\stb_image.h">
      <Filter>Vendor\stb</Filter>
    </ClInclude>
    <ClInclude Include="..\Vendor\stb\stb_image_write.h">
      <Filter>Vendor\stb</Filter>
    </ClInclude>
    <ClInclude Include="..\Vendor\rapidjson\allocators.h">
      <Filter>Vendor\rapidjson</Filter>
    </ClInclude>
    <ClInclude Include="..\Vendor\rapidjson\document.h">
      <Filter>Vendor\rapidjson</Filter>
    </ClInclude>
    <ClInclude Include="..\Vendor\rapidjson\encodedstream.h">
      <Filter>Vendor\rapidjson</Filter>
    </ClInclude>
    <ClInclude Include="..\Vendor\rapidjson\encodings.h">
      <Filter>Vendor\rapidjson</Filter>
    </ClInclude>
    <ClInclude Include="..\Vendor\rapidjson\filereadstream.h">
      <Filter>Vendor\rapidjson</Filter>
    </ClInclude>
    <ClInclude Include="..\Vendor\rapidjson\filewritestream.h">
      <Filter>Vendor\rapidjson</Filter>
    </ClInclude>
    <ClInclude Include="..\Vendor\rapidjson\memorybuffer.h">
      <Filter>Vendor\rapidjson</Filter>
    </ClInclude>
    <ClInclude Include="..\Vendor\rapidjson\memorystream.h">
      <Filter>Vendor\rapidjson</Filter>
    </ClInclude>
    <ClInclude Include="..\Vendor\rapidjson\pointer.h">
      <Filter>Vendor\rapidjson</Filter>
    </ClInclude>
    <ClInclude Include="..\Vendor\rapidjson\prettywriter.h">
      <Filter>Vendor\rapidjson</Filter>
    </ClInclude>
    <ClInclude Include="..\Vendor\rapidjson\rapidjson.h">
      <Filter>Vendor\rapidjson</Filter>
    </ClInclude>
    <ClInclude Include="..\Vendor\rapidjson\reader.h">
      <Filter>Vendor\rapidjson</Filter>
    </ClInclude>
    <ClInclude Include="..\Vendor\rapidjson\stringbuffer.h">
      <Filter>Vendor\rapidjson</Filter>
    </ClInclude>
    <ClInclude Include="..\Vendor\rapidjson\writer.h">
      <Filter>Vendor\rapidjson</Filter>
    </ClInclude>
    <ClInclude Include="DpJson.h">
      <Filter>DpLoadRes</Filter>
    </ClInclude>
    <ClInclude Include="DpTriangle.h">
      <Filter>Dp3DEngine</Filter>
    </ClInclude>
    <ClInclude Include="DpEnums.h">
      <Filter>Dp3DEngine</Filter>
    </ClInclude>
    <ClInclude Include="DpVertex.h">
      <Filter>Dp3DEngine</Filter>
    </ClInclude>
    <ClInclude Include="DpMath.h">
      <Filter>DpMath</Filter>
    </ClInclude>
    <ClInclude Include="DpMatrix33.h">
      <Filter>DpMath</Filter>
    </ClInclude>
    <ClInclude Include="DpMatrix43.h">
      <Filter>DpMath</Filter>
    </ClInclude>
    <ClInclude Include="DpMatrix44.h">
      <Filter>DpMath</Filter>
    </ClInclude>
    <ClInclude Include="DpVector2.h">
      <Filter>DpMath</Filter>
    </ClInclude>
    <ClInclude Include="DpVector3.h">
      <Filter>DpMath</Filter>
    </ClInclude>
    <ClInclude Include="DpVector4.h">
      <Filter>DpMath</Filter>
    </ClInclude>
    <ClInclude Include="DpEvent.h">
      <Filter>DpCore</Filter>
    </ClInclude>
    <ClInclude Include="DpQuaternion.h">
      <Filter>DpMath</Filter>
    </ClInclude>
    <ClInclude Include="DpKeyEvent.h">
      <Filter>DpCore</Filter>
    </ClInclude>
    <ClInclude Include="DpMouseEvent.h">
      <Filter>DpCore</Filter>
    </ClInclude>
    <ClInclude Include="DpInputState.h">
      <Filter>DpCore</Filter>
    </ClInclude>
    <ClInclude Include="DpAABB.h">
      <Filter>DpMath</Filter>
    </ClInclude>
    <ClInclude Include="DpVertexBuffer.h">
      <Filter>Dp3DEngine</Filter>
    </ClInclude>
    <ClInclude Include="DpVertexArray.h">
      <Filter>Dp3DEngine</Filter>
    </ClInclude>
    <ClInclude Include="DpIndexBuffer.h">
      <Filter>Dp3DEngine</Filter>
    </ClInclude>
    <ClInclude Include="DoPixel.h">
      <Filter>Dp3DEngine</Filter>
    </ClInclude>
    <ClInclude Include="DpImage.h">
      <Filter>Dp3DEngine</Filter>
    </ClInclude>
    <ClInclude Include="DpTexture.h">
      <Filter>Dp3DEngine</Filter>
    </ClInclude>
    <ClInclude Include="DpMesh.h">
      <Filter>Dp3DEngine</Filter>
    </ClInclude>
    <ClInclude Include="DpSceneNode.h">
      <Filter>Dp3DEngine</Filter>
    </ClInclude>
    <ClInclude Include="DpSceneManager.h">
      <Filter>Dp3DEngine</Filter>
    </ClInclude>
    <ClInclude Include="DpGeometry.h">
      <Filter>DpMath</Filter>
    </ClInclude>
    <ClInclude Include="DpSceneNodeAnimator.h">
      <Filter>Dp3DEngine</Filter>
    </ClInclude>
  </ItemGroup>
  <ItemGroup>
    <ClCompile Include="DpConsole.cpp">
      <Filter>DpCore</Filter>
    </ClCompile>
    <ClCompile Include="DpObject.cpp">
      <Filter>Dp3DEngine</Filter>
    </ClCompile>
    <ClCompile Include="DpDevice.cpp">
      <Filter>Dp3DEngine</Filter>
    </ClCompile>
    <ClCompile Include="DpColor.cpp">
      <Filter>DpCore</Filter>
    </ClCompile>
    <ClCompile Include="DpLoadModel.cpp">
      <Filter>DpLoadRes</Filter>
    </ClCompile>
    <ClCompile Include="DpFileParser.cpp">
      <Filter>DpLoadRes</Filter>
    </ClCompile>
    <ClCompile Include="..\Vendor\stb\stb_image.c">
      <Filter>Vendor\stb</Filter>
    </ClCompile>
    <ClCompile Include="DpTga.cpp">
      <Filter>DpLoadRes</Filter>
    </ClCompile>
    <ClCompile Include="..\Vendor\stb\stb_image_write.c">
      <Filter>Vendor\stb</Filter>
    </ClCompile>
    <ClCompile Include="DpMaterial.cpp">
      <Filter>Dp3DEngine</Filter>
    </ClCompile>
    <ClCompile Include="DpFileStream.cpp">
      <Filter>DpLoadRes</Filter>
    </ClCompile>
    <ClCompile Include="DpJson.cpp">
      <Filter>DpLoadRes</Filter>
    </ClCompile>
    <ClCompile Include="DpCamera.cpp">
      <Filter>Dp3DEngine</Filter>
    </ClCompile>
    <ClCompile Include="DpEvent.cpp">
      <Filter>DpCore</Filter>
    </ClCompile>
    <ClCompile Include="DpQuaternion.cpp">
      <Filter>DpMath</Filter>
    </ClCompile>
    <ClCompile Include="DpInputState.cpp">
      <Filter>DpCore</Filter>
    </ClCompile>
    <ClCompile Include="DpMath.cpp">
      <Filter>DpMath</Filter>
    </ClCompile>
    <ClCompile Include="DoPixel.cpp">
      <Filter>Dp3DEngine</Filter>
    </ClCompile>
    <ClCompile Include="DpImage.cpp">
      <Filter>Dp3DEngine</Filter>
    </ClCompile>
    <ClCompile Include="DpTexture.cpp">
      <Filter>Dp3DEngine</Filter>
    </ClCompile>
    <ClCompile Include="DpMesh.cpp">
      <Filter>Dp3DEngine</Filter>
    </ClCompile>
    <ClCompile Include="DpSceneManager.cpp">
      <Filter>Dp3DEngine</Filter>
    </ClCompile>
    <ClCompile Include="DpSceneNode.cpp">
      <Filter>Dp3DEngine</Filter>
    </ClCompile>
    <ClCompile Include="DpSceneNodeAnimator.cpp">
      <Filter>Dp3DEngine</Filter>
    </ClCompile>
  </ItemGroup>
</Project>