<?xml version="1.0" encoding="utf-8"?>
<Project ToolsVersion="4.0" xmlns="http://schemas.microsoft.com/developer/msbuild/2003">
  <ItemGroup>
    <Filter Include="Source Files">
      <UniqueIdentifier>{4FC737F1-C7A5-4376-A066-2A32D752A2FF}</UniqueIdentifier>
      <Extensions>cpp;c;cc;cxx;def;odl;idl;hpj;bat;asm;asmx</Extensions>
    </Filter>
    <Filter Include="Header Files">
      <UniqueIdentifier>{93995380-89BD-4b04-88EB-625FBE52EBFB}</UniqueIdentifier>
      <Extensions>h;hh;hpp;hxx;hm;inl;inc;xsd</Extensions>
    </Filter>
    <Filter Include="Resource Files">
      <UniqueIdentifier>{67DA6AB6-F800-4c08-8B7A-83BB121AAD01}</UniqueIdentifier>
      <Extensions>rc;ico;cur;bmp;dlg;rc2;rct;bin;rgs;gif;jpg;jpeg;jpe;resx;tiff;tif;png;wav;mfcribbon-ms</Extensions>
    </Filter>
  </ItemGroup>
  <ItemGroup>
    <ClInclude Include="ogl_app.h">
      <Filter>Header Files</Filter>
    </ClInclude>
    <ClInclude Include="ogl_glut.h">
      <Filter>Header Files</Filter>
    </ClInclude>
    <ClInclude Include="ogl_texture.h">
      <Filter>Header Files</Filter>
    </ClInclude>
    <ClInclude Include="ogl_mesh.h">
      <Filter>Header Files</Filter>
    </ClInclude>
    <ClInclude Include="ogl_technique.h">
      <Filter>Header Files</Filter>
    </ClInclude>
    <ClInclude Include="ogl_camera.h">
      <Filter>Header Files</Filter>
    </ClInclude>
    <ClInclude Include="ogl_basic_lighting.h">
      <Filter>Header Files</Filter>
    </ClInclude>
    <ClInclude Include="ogl_pipeline.h">
      <Filter>Header Files</Filter>
    </ClInclude>
    <ClInclude Include="ogl_shadow_map_fbo.h">
      <Filter>Header Files</Filter>
    </ClInclude>
    <ClInclude Include="ogl_lights_common.h">
      <Filter>Header Files</Filter>
    </ClInclude>
    <ClInclude Include="ogl_shadow_map_technique.h">
      <Filter>Header Files</Filter>
    </ClInclude>
    <ClInclude Include="ogl_cubemap_texture.h">
      <Filter>Header Files</Filter>
    </ClInclude>
  </ItemGroup>
  <ItemGroup>
    <ClCompile Include="ogl_app.cpp">
      <Filter>Source Files</Filter>
    </ClCompile>
    <ClCompile Include="ogl_glut.cpp">
      <Filter>Source Files</Filter>
    </ClCompile>
    <ClCompile Include="ogl_texture.cpp">
      <Filter>Source Files</Filter>
    </ClCompile>
    <ClCompile Include="ogl_mesh.cpp">
      <Filter>Source Files</Filter>
    </ClCompile>
    <ClCompile Include="ogl_technique.cpp">
      <Filter>Source Files</Filter>
    </ClCompile>
    <ClCompile Include="ogl_camera.cpp">
      <Filter>Source Files</Filter>
    </ClCompile>
    <ClCompile Include="ogl_basic_lighting.cpp">
      <Filter>Source Files</Filter>
    </ClCompile>
    <ClCompile Include="ogl_pipeline.cpp">
      <Filter>Source Files</Filter>
    </ClCompile>
    <ClCompile Include="ogl_shadow_map_fbo.cpp">
      <Filter>Source Files</Filter>
    </ClCompile>
    <ClCompile Include="ogl_shadow_map_technique.cpp">
      <Filter>Source Files</Filter>
    </ClCompile>
    <ClCompile Include="ogl_cubemap_texture.cpp">
      <Filter>Source Files</Filter>
    </ClCompile>
  </ItemGroup>
  <ItemGroup>
    <None Include="basic_lighting.ps">
      <Filter>Resource Files</Filter>
    </None>
    <None Include="basic_lighting.vs">
      <Filter>Resource Files</Filter>
    </None>
  </ItemGroup>
</Project>